
Microsoft Visual Studio Solution File, Format Version 12.00
# Visual Studio 2012
Project("{FAE04EC0-301F-11D3-BF4B-00C04F79EFBC}") = "Razor", "Common\Razor.csproj", "{E2D4CDFB-2816-44CB-A69B-5B2074CC17E4}"
EndProject
Project("{FAE04EC0-301F-11D3-BF4B-00C04F79EFBC}") = "DynamicJson", "DynamicJson\DynamicJson.csproj", "{9F68A91C-E200-4998-A601-10D9FFFE94DB}"
EndProject
Project("{FAE04EC0-301F-11D3-BF4B-00C04F79EFBC}") = "WebApplication", "WebApplication1\WebApplication.csproj", "{6FAC2B6D-75F4-4E3E-93AB-46265EAD6985}"
EndProject
Project("{FAE04EC0-301F-11D3-BF4B-00C04F79EFBC}") = "TestModel", "TestModel\TestModel.csproj", "{21675B28-5198-45A9-B078-8AF3923CD882}"
EndProject
Global
	GlobalSection(SolutionConfigurationPlatforms) = preSolution
		Debug|Any CPU = Debug|Any CPU
		Release|Any CPU = Release|Any CPU
	EndGlobalSection
	GlobalSection(ProjectConfigurationPlatforms) = postSolution
		{E2D4CDFB-2816-44CB-A69B-5B2074CC17E4}.Debug|Any CPU.ActiveCfg = Debug|Any CPU
		{E2D4CDFB-2816-44CB-A69B-5B2074CC17E4}.Debug|Any CPU.Build.0 = Debug|Any CPU
		{E2D4CDFB-2816-44CB-A69B-5B2074CC17E4}.Release|Any CPU.ActiveCfg = Release|Any CPU
		{E2D4CDFB-2816-44CB-A69B-5B2074CC17E4}.Release|Any CPU.Build.0 = Release|Any CPU
		{9F68A91C-E200-4998-A601-10D9FFFE94DB}.Debug|Any CPU.ActiveCfg = Debug|Any CPU
		{9F68A91C-E200-4998-A601-10D9FFFE94DB}.Debug|Any CPU.Build.0 = Debug|Any CPU
		{9F68A91C-E200-4998-A601-10D9FFFE94DB}.Release|Any CPU.ActiveCfg = Release|Any CPU
		{9F68A91C-E200-4998-A601-10D9FFFE94DB}.Release|Any CPU.Build.0 = Release|Any CPU
		{6FAC2B6D-75F4-4E3E-93AB-46265EAD6985}.Debug|Any CPU.ActiveCfg = Debug|Any CPU
		{6FAC2B6D-75F4-4E3E-93AB-46265EAD6985}.Debug|Any CPU.Build.0 = Debug|Any CPU
		{6FAC2B6D-75F4-4E3E-93AB-46265EAD6985}.Release|Any CPU.ActiveCfg = Release|Any CPU
		{6FAC2B6D-75F4-4E3E-93AB-46265EAD6985}.Release|Any CPU.Build.0 = Release|Any CPU
		{21675B28-5198-45A9-B078-8AF3923CD882}.Debug|Any CPU.ActiveCfg = Debug|Any CPU
		{21675B28-5198-45A9-B078-8AF3923CD882}.Debug|Any CPU.Build.0 = Debug|Any CPU
		{21675B28-5198-45A9-B078-8AF3923CD882}.Release|Any CPU.ActiveCfg = Release|Any CPU
		{21675B28-5198-45A9-B078-8AF3923CD882}.Release|Any CPU.Build.0 = Release|Any CPU
	EndGlobalSection
	GlobalSection(SolutionProperties) = preSolution
		HideSolutionNode = FALSE
	EndGlobalSection
EndGlobal
